
Microsoft Visual Studio Solution File, Format Version 12.00
# Visual Studio Version 17
VisualStudioVersion = 17.5.2.0
MinimumVisualStudioVersion = 10.0.40219.1
Project("{2150E333-8FDC-42A3-9474-1A3956D46DE8}") = "FlaggingAPI", "FlaggingAPI", "{66301C11-894B-BEEA-8235-2A9FEE3D91B5}"
EndProject
Project("{FAE04EC0-301F-11D3-BF4B-00C04F79EFBC}") = "FeatureFlags.Api", "FlaggingAPI\FeatureFlags.Api\FeatureFlags.Api.csproj", "{44C2507E-83E8-C787-2DCB-559C6ADCF43C}"
EndProject
Project("{2150E333-8FDC-42A3-9474-1A3956D46DE8}") = "src", "src", "{827E0CD3-B72D-47B6-A68D-7590B98EB39B}"
EndProject
Project("{FAE04EC0-301F-11D3-BF4B-00C04F79EFBC}") = "FeatureFlags.Api", "src\FeatureFlags.Api\FeatureFlags.Api.csproj", "{C2636BDF-AFC1-4BAE-B084-74CD42F33C72}"
EndProject
Global
	GlobalSection(SolutionConfigurationPlatforms) = preSolution
		Debug|Any CPU = Debug|Any CPU
		Debug|x64 = Debug|x64
		Debug|x86 = Debug|x86
		Release|Any CPU = Release|Any CPU
		Release|x64 = Release|x64
		Release|x86 = Release|x86
	EndGlobalSection
	GlobalSection(ProjectConfigurationPlatforms) = postSolution
		{44C2507E-83E8-C787-2DCB-559C6ADCF43C}.Debug|Any CPU.ActiveCfg = Debug|Any CPU
		{44C2507E-83E8-C787-2DCB-559C6ADCF43C}.Debug|Any CPU.Build.0 = Debug|Any CPU
		{44C2507E-83E8-C787-2DCB-559C6ADCF43C}.Debug|x64.ActiveCfg = Debug|Any CPU
		{44C2507E-83E8-C787-2DCB-559C6ADCF43C}.Debug|x64.Build.0 = Debug|Any CPU
		{44C2507E-83E8-C787-2DCB-559C6ADCF43C}.Debug|x86.ActiveCfg = Debug|Any CPU
		{44C2507E-83E8-C787-2DCB-559C6ADCF43C}.Debug|x86.Build.0 = Debug|Any CPU
		{44C2507E-83E8-C787-2DCB-559C6ADCF43C}.Release|Any CPU.ActiveCfg = Release|Any CPU
		{44C2507E-83E8-C787-2DCB-559C6ADCF43C}.Release|Any CPU.Build.0 = Release|Any CPU
		{44C2507E-83E8-C787-2DCB-559C6ADCF43C}.Release|x64.ActiveCfg = Release|Any CPU
		{44C2507E-83E8-C787-2DCB-559C6ADCF43C}.Release|x64.Build.0 = Release|Any CPU
		{44C2507E-83E8-C787-2DCB-559C6ADCF43C}.Release|x86.ActiveCfg = Release|Any CPU
		{44C2507E-83E8-C787-2DCB-559C6ADCF43C}.Release|x86.Build.0 = Release|Any CPU
		{C2636BDF-AFC1-4BAE-B084-74CD42F33C72}.Debug|Any CPU.ActiveCfg = Debug|Any CPU
		{C2636BDF-AFC1-4BAE-B084-74CD42F33C72}.Debug|Any CPU.Build.0 = Debug|Any CPU
		{C2636BDF-AFC1-4BAE-B084-74CD42F33C72}.Debug|x64.ActiveCfg = Debug|Any CPU
		{C2636BDF-AFC1-4BAE-B084-74CD42F33C72}.Debug|x64.Build.0 = Debug|Any CPU
		{C2636BDF-AFC1-4BAE-B084-74CD42F33C72}.Debug|x86.ActiveCfg = Debug|Any CPU
		{C2636BDF-AFC1-4BAE-B084-74CD42F33C72}.Debug|x86.Build.0 = Debug|Any CPU
		{C2636BDF-AFC1-4BAE-B084-74CD42F33C72}.Release|Any CPU.ActiveCfg = Release|Any CPU
		{C2636BDF-AFC1-4BAE-B084-74CD42F33C72}.Release|Any CPU.Build.0 = Release|Any CPU
		{C2636BDF-AFC1-4BAE-B084-74CD42F33C72}.Release|x64.ActiveCfg = Release|Any CPU
		{C2636BDF-AFC1-4BAE-B084-74CD42F33C72}.Release|x64.Build.0 = Release|Any CPU
		{C2636BDF-AFC1-4BAE-B084-74CD42F33C72}.Release|x86.ActiveCfg = Release|Any CPU
		{C2636BDF-AFC1-4BAE-B084-74CD42F33C72}.Release|x86.Build.0 = Release|Any CPU
	EndGlobalSection
	GlobalSection(SolutionProperties) = preSolution
		HideSolutionNode = FALSE
	EndGlobalSection
	GlobalSection(NestedProjects) = preSolution
		{44C2507E-83E8-C787-2DCB-559C6ADCF43C} = {66301C11-894B-BEEA-8235-2A9FEE3D91B5}
		{C2636BDF-AFC1-4BAE-B084-74CD42F33C72} = {827E0CD3-B72D-47B6-A68D-7590B98EB39B}
	EndGlobalSection
	GlobalSection(ExtensibilityGlobals) = postSolution
		SolutionGuid = {0E67786C-4396-4FE9-A6A9-0ABB45F46894}
	EndGlobalSection
EndGlobal
